{
    "_meta": {
        "hash": {
            "sha256": "738926b65993bb6851da238565142bcfdb7e7e4c588e155ca1bfb5b70285cdec"
        },
        "pipfile-spec": 6,
        "requires": {
            "python_version": "3.10"
        },
        "sources": [
            {
                "name": "pypi",
                "url": "https://pypi.org/simple",
                "verify_ssl": true
            }
        ]
    },
    "default": {
        "dataclasses-json": {
            "hashes": [
                "sha256:740e7b564d72ddaa0f66406b4ecb799447afda2799c1c425a4a76151bfcfda50",
                "sha256:fe17da934cfc4ec792ebe7e9a303434ecf4f5f8d8a7705acfbbe7ccbd34bf1ae"
            ],
            "markers": "python_version >= '3.6'",
            "version": "==0.5.3"
        },
        "marshmallow": {
            "hashes": [
                "sha256:90032c0fd650ce94b6ec6dc8dfeb0e3ff50c144586462c389b81a07205bedb78",
                "sha256:93f0958568da045b0021ec6aeb7ac37c81bfcccbb9a0e7ed8559885070b3a19b"
            ],
            "markers": "python_version >= '3.7'",
            "version": "==3.19.0"
        },
        "marshmallow-enum": {
            "hashes": [
                "sha256:38e697e11f45a8e64b4a1e664000897c659b60aa57bfa18d44e226a9920b6e58",
                "sha256:57161ab3dbfde4f57adeb12090f39592e992b9c86d206d02f6bd03ebec60f072"
            ],
            "version": "==1.5.1"
        },
        "mypy-extensions": {
            "hashes": [
                "sha256:090fedd75945a69ae91ce1303b5824f428daf5a028d2f6ab8a299250a846f15d",
                "sha256:2d82818f5bb3e369420cb3c4060a7970edba416647068eb4c5343488a6c604a8"
            ],
            "version": "==0.4.3"
        },
        "packaging": {
            "hashes": [
                "sha256:dd47c42927d89ab911e606518907cc2d3a1f38bbd026385970643f9c5b8ecfeb",
                "sha256:ef103e05f519cdc783ae24ea4e2e0f508a9c99b2d4969652eed6a2e1ea5bd522"
            ],
            "markers": "python_version >= '3.6'",
            "version": "==21.3"
        },
        "pycryptodome": {
            "hashes": [
                "sha256:045d75527241d17e6ef13636d845a12e54660aa82e823b3b3341bcf5af03fa79",
                "sha256:0926f7cc3735033061ef3cf27ed16faad6544b14666410727b31fea85a5b16eb",
                "sha256:092a26e78b73f2530b8bd6b3898e7453ab2f36e42fd85097d705d6aba2ec3e5e",
                "sha256:1b22bcd9ec55e9c74927f6b1f69843cb256fb5a465088ce62837f793d9ffea88",
                "sha256:2aa55aae81f935a08d5a3c2042eb81741a43e044bd8a81ea7239448ad751f763",
                "sha256:2ae53125de5b0d2c95194d957db9bb2681da8c24d0fb0fe3b056de2bcaf5d837",
                "sha256:2ea63d46157386c5053cfebcdd9bd8e0c8b7b0ac4a0507a027f5174929403884",
                "sha256:2ec709b0a58b539a4f9d33fb8508264c3678d7edb33a68b8906ba914f71e8c13",
                "sha256:2ffd8b31561455453ca9f62cb4c24e6b8d119d6d531087af5f14b64bee2c23e6",
                "sha256:4b52cb18b0ad46087caeb37a15e08040f3b4c2d444d58371b6f5d786d95534c2",
                "sha256:4c3ccad74eeb7b001f3538643c4225eac398c77d617ebb3e57571a897943c667",
                "sha256:5099c9ca345b2f252f0c28e96904643153bae9258647585e5e6f649bb7a1844a",
                "sha256:50ca7e587b8e541eb6c192acf92449d95377d1f88908c0a32ac5ac2703ebe28b",
                "sha256:57f565acd2f0cf6fb3e1ba553d0cb1f33405ec1f9c5ded9b9a0a5320f2c0bd3d",
                "sha256:60b4faae330c3624cc5a546ba9cfd7b8273995a15de94ee4538130d74953ec2e",
                "sha256:7c9ed8aa31c146bef65d89a1b655f5f4eab5e1120f55fc297713c89c9e56ff0b",
                "sha256:7e3a8f6ee405b3bd1c4da371b93c31f7027944b2bcce0697022801db93120d83",
                "sha256:9135dddad504592bcc18b0d2d95ce86c3a5ea87ec6447ef25cfedea12d6018b8",
                "sha256:9c772c485b27967514d0df1458b56875f4b6d025566bf27399d0c239ff1b369f",
                "sha256:9eaadc058106344a566dc51d3d3a758ab07f8edde013712bc8d22032a86b264f",
                "sha256:9ee40e2168f1348ae476676a2e938ca80a2f57b14a249d8fe0d3cdf803e5a676",
                "sha256:a8f06611e691c2ce45ca09bbf983e2ff2f8f4f87313609d80c125aff9fad6e7f",
                "sha256:b9c5b1a1977491533dfd31e01550ee36ae0249d78aae7f632590db833a5012b8",
                "sha256:b9cc96e274b253e47ad33ae1fccc36ea386f5251a823ccb50593a935db47fdd2",
                "sha256:c3640deff4197fa064295aaac10ab49a0d55ef3d6a54ae1499c40d646655c89f",
                "sha256:c77126899c4b9c9827ddf50565e93955cb3996813c18900c16b2ea0474e130e9",
                "sha256:d2a39a66057ab191e5c27211a7daf8f0737f23acbf6b3562b25a62df65ffcb7b",
                "sha256:e244ab85c422260de91cda6379e8e986405b4f13dc97d2876497178707f87fc1",
                "sha256:eb6fce570869e70cc8ebe68eaa1c26bed56d40ad0f93431ee61d400525433c54",
                "sha256:ecaaef2d21b365d9c5ca8427ffc10cebed9d9102749fd502218c23cb9a05feb5",
                "sha256:fd2184aae6ee2a944aaa49113e6f5787cdc5e4db1eb8edb1aea914bd75f33a0c",
                "sha256:ff287bcba9fbeb4f1cccc1f2e90a08d691480735a611ee83c80a7d74ad72b9d9",
                "sha256:ff7ae90e36c1715a54446e7872b76102baa5c63aa980917f4aa45e8c78d1a3ec"
            ],
            "markers": "python_version >= '2.7' and python_version not in '3.0, 3.1, 3.2, 3.3, 3.4'",
            "version": "==3.15.0"
        },
        "pyparsing": {
            "hashes": [
                "sha256:2b020ecf7d21b687f219b71ecad3631f644a47f01403fa1d1036b0c6416d70fb",
                "sha256:5026bae9a10eeaefb61dab2f09052b9f4307d44aee4eda64b309723d8d206bbc"
            ],
            "markers": "python_full_version >= '3.6.8'",
            "version": "==3.0.9"
        },
        "pysiaalarm": {
            "hashes": [
                "sha256:852d0e69a7d88d174f55208e1df6f6ccaa74b443a5d4bc8c269c27a6fb2f00bb",
                "sha256:f23599f4022a3966fb710e5cfc1761ab3ad17727b1136003a138392dea62da43"
            ],
            "index": "pypi",
            "version": "==3.0.2"
        },
        "stringcase": {
            "hashes": [
                "sha256:48a06980661908efe8d9d34eab2b6c13aefa2163b3ced26972902e3bdfd87008"
            ],
            "version": "==1.2.0"
        },
        "typing-extensions": {
            "hashes": [
                "sha256:1511434bb92bf8dd198c12b1cc812e800d4181cfcb867674e0f8279cc93087aa",
                "sha256:16fa4864408f655d35ec496218b85f79b3437c829e93320c7c9215ccfd92489e"
            ],
            "markers": "python_version >= '3.7'",
            "version": "==4.4.0"
        },
        "typing-inspect": {
            "hashes": [
                "sha256:5fbf9c1e65d4fa01e701fe12a5bca6c6e08a4ffd5bc60bfac028253a447c5188",
                "sha256:8b1ff0c400943b6145df8119c41c244ca8207f1f10c9c057aeed1560e4806e3d"
            ],
            "version": "==0.8.0"
        }
    },
    "develop": {
        "mypy": {
            "hashes": [
                "sha256:0714258640194d75677e86c786e80ccf294972cc76885d3ebbb560f11db0003d",
                "sha256:0c8f3be99e8a8bd403caa8c03be619544bc2c77a7093685dcf308c6b109426c6",
                "sha256:0cca5adf694af539aeaa6ac633a7afe9bbd760df9d31be55ab780b77ab5ae8bf",
                "sha256:1c8cd4fb70e8584ca1ed5805cbc7c017a3d1a29fb450621089ffed3e99d1857f",
                "sha256:1f7d1a520373e2272b10796c3ff721ea1a0712288cafaa95931e66aa15798813",
                "sha256:209ee89fbb0deed518605edddd234af80506aec932ad28d73c08f1400ef80a33",
                "sha256:26efb2fcc6b67e4d5a55561f39176821d2adf88f2745ddc72751b7890f3194ad",
                "sha256:37bd02ebf9d10e05b00d71302d2c2e6ca333e6c2a8584a98c00e038db8121f05",
                "sha256:3a700330b567114b673cf8ee7388e949f843b356a73b5ab22dd7cff4742a5297",
                "sha256:3c0165ba8f354a6d9881809ef29f1a9318a236a6d81c690094c5df32107bde06",
                "sha256:3d80e36b7d7a9259b740be6d8d906221789b0d836201af4234093cae89ced0cd",
                "sha256:4175593dc25d9da12f7de8de873a33f9b2b8bdb4e827a7cae952e5b1a342e243",
                "sha256:4307270436fd7694b41f913eb09210faff27ea4979ecbcd849e57d2da2f65305",
                "sha256:5e80e758243b97b618cdf22004beb09e8a2de1af481382e4d84bc52152d1c476",
                "sha256:641411733b127c3e0dab94c45af15fea99e4468f99ac88b39efb1ad677da5711",
                "sha256:652b651d42f155033a1967739788c436491b577b6a44e4c39fb340d0ee7f0d70",
                "sha256:6d7464bac72a85cb3491c7e92b5b62f3dcccb8af26826257760a552a5e244aa5",
                "sha256:74e259b5c19f70d35fcc1ad3d56499065c601dfe94ff67ae48b85596b9ec1461",
                "sha256:7d17e0a9707d0772f4a7b878f04b4fd11f6f5bcb9b3813975a9b13c9332153ab",
                "sha256:901c2c269c616e6cb0998b33d4adbb4a6af0ac4ce5cd078afd7bc95830e62c1c",
                "sha256:98e781cd35c0acf33eb0295e8b9c55cdbef64fcb35f6d3aa2186f289bed6e80d",
                "sha256:a12c56bf73cdab116df96e4ff39610b92a348cc99a1307e1da3c3768bbb5b135",
                "sha256:ac6e503823143464538efda0e8e356d871557ef60ccd38f8824a4257acc18d93",
                "sha256:b8472f736a5bfb159a5e36740847808f6f5b659960115ff29c7cecec1741c648",
                "sha256:b86ce2c1866a748c0f6faca5232059f881cda6dda2a893b9a8373353cfe3715a",
                "sha256:bc9ec663ed6c8f15f4ae9d3c04c989b744436c16d26580eaa760ae9dd5d662eb",
                "sha256:c9166b3f81a10cdf9b49f2d594b21b31adadb3d5e9db9b834866c3258b695be3",
                "sha256:d13674f3fb73805ba0c45eb6c0c3053d218aa1f7abead6e446d474529aafc372",
                "sha256:de32edc9b0a7e67c2775e574cb061a537660e51210fbf6006b0b36ea695ae9bb",
                "sha256:e62ebaad93be3ad1a828a11e90f0e76f15449371ffeecca4a0a0b9adc99abcef"
            ],
            "index": "pypi",
            "version": "==0.991"
        },
        "mypy-extensions": {
            "hashes": [
                "sha256:090fedd75945a69ae91ce1303b5824f428daf5a028d2f6ab8a299250a846f15d",
                "sha256:2d82818f5bb3e369420cb3c4060a7970edba416647068eb4c5343488a6c604a8"
            ],
            "version": "==0.4.3"
        },
        "tomli": {
            "hashes": [
                "sha256:939de3e7a6161af0c887ef91b7d41a53e7c5a1ca976325f429cb46ea9bc30ecc",
                "sha256:de526c12914f0c550d15924c62d72abc48d6fe7364aa87328337a31007fe8a4f"
            ],
            "markers": "python_version < '3.11'",
            "version": "==2.0.1"
        },
        "typing-extensions": {
            "hashes": [
                "sha256:1511434bb92bf8dd198c12b1cc812e800d4181cfcb867674e0f8279cc93087aa",
                "sha256:16fa4864408f655d35ec496218b85f79b3437c829e93320c7c9215ccfd92489e"
            ],
            "markers": "python_version >= '3.7'",
            "version": "==4.4.0"
        }
    }
}
